
Microsoft Visual Studio Solution File, Format Version 12.00
# Visual Studio Version 17
VisualStudioVersion = 17.0.32112.339
MinimumVisualStudioVersion = 10.0.40219.1
Project("{9A19103F-16F7-4668-BE54-9A1E7A4F7556}") = "CarRentalAppV2", "CarRentalApp\CarRentalAppV2.csproj", "{1A317BDF-517C-4247-985B-AA9E4B79D5CD}"
EndProject
Global
	GlobalSection(SolutionConfigurationPlatforms) = preSolution
		Debug|Any CPU = Debug|Any CPU
		Release|Any CPU = Release|Any CPU
	EndGlobalSection
	GlobalSection(ProjectConfigurationPlatforms) = postSolution
		{1A317BDF-517C-4247-985B-AA9E4B79D5CD}.Debug|Any CPU.ActiveCfg = Debug|Any CPU
		{1A317BDF-517C-4247-985B-AA9E4B79D5CD}.Debug|Any CPU.Build.0 = Debug|Any CPU
		{1A317BDF-517C-4247-985B-AA9E4B79D5CD}.Release|Any CPU.ActiveCfg = Release|Any CPU
		{1A317BDF-517C-4247-985B-AA9E4B79D5CD}.Release|Any CPU.Build.0 = Release|Any CPU
	EndGlobalSection
	GlobalSection(SolutionProperties) = preSolution
		HideSolutionNode = FALSE
	EndGlobalSection
	GlobalSection(ExtensibilityGlobals) = postSolution
		SolutionGuid = {6BA38D04-2BC2-4727-B13E-718D4F1223A6}
	EndGlobalSection
EndGlobal
